
Microsoft Visual Studio Solution File, Format Version 12.00
# Visual Studio Version 16
VisualStudioVersion = 16.0.31025.194
MinimumVisualStudioVersion = 10.0.40219.1
Project("{FAE04EC0-301F-11D3-BF4B-00C04F79EFBC}") = "LearnGQL", "LearnGQL\LearnGQL.csproj", "{C5D29A6C-732B-4D64-9618-F6BC18ABB833}"
EndProject
Global
	GlobalSection(SolutionConfigurationPlatforms) = preSolution
		Debug|Any CPU = Debug|Any CPU
		Release|Any CPU = Release|Any CPU
	EndGlobalSection
	GlobalSection(ProjectConfigurationPlatforms) = postSolution
		{C5D29A6C-732B-4D64-9618-F6BC18ABB833}.Debug|Any CPU.ActiveCfg = Debug|Any CPU
		{C5D29A6C-732B-4D64-9618-F6BC18ABB833}.Debug|Any CPU.Build.0 = Debug|Any CPU
		{C5D29A6C-732B-4D64-9618-F6BC18ABB833}.Release|Any CPU.ActiveCfg = Release|Any CPU
		{C5D29A6C-732B-4D64-9618-F6BC18ABB833}.Release|Any CPU.Build.0 = Release|Any CPU
	EndGlobalSection
	GlobalSection(SolutionProperties) = preSolution
		HideSolutionNode = FALSE
	EndGlobalSection
	GlobalSection(ExtensibilityGlobals) = postSolution
		SolutionGuid = {6126440B-F3AC-41DE-A121-69C2D5438BCD}
	EndGlobalSection
EndGlobal
